
Microsoft Visual Studio Solution File, Format Version 12.00
# Visual Studio Version 17
VisualStudioVersion = 17.9.34728.123
MinimumVisualStudioVersion = 10.0.40219.1
Project("{2150E333-8FDC-42A3-9474-1A3956D46DE8}") = "No Code in Main Branch", "No Code in Main Branch", "{5BA8FE11-AAE7-47A3-8E00-766EB019AB42}"
EndProject
Global
	GlobalSection(SolutionProperties) = preSolution
		HideSolutionNode = FALSE
	EndGlobalSection
	GlobalSection(ExtensibilityGlobals) = postSolution
		SolutionGuid = {60DFE095-F575-41BD-90F7-C0E3BDA20C23}
	EndGlobalSection
EndGlobal
